
Microsoft Visual Studio Solution File, Format Version 12.00
# Visual Studio 15
VisualStudioVersion = 15.0.26124.0
MinimumVisualStudioVersion = 15.0.26124.0
Project("{9A19103F-16F7-4668-BE54-9A1E7A4F7556}") = "Legion.Core", "Legion.Core\Legion.Core.csproj", "{DB2F0156-74F7-45F4-973D-52CB79D82C03}"
EndProject
Project("{9A19103F-16F7-4668-BE54-9A1E7A4F7556}") = "Legion.Kafka", "Legion.Kafka\Legion.Kafka.csproj", "{6052D590-3EE9-4399-B82F-B5D9C18C0696}"
EndProject
Project("{9A19103F-16F7-4668-BE54-9A1E7A4F7556}") = "Legion.Autofac", "Legion.Autofac\Legion.Autofac.csproj", "{AE8FBDAE-EA8C-42A5-8DF6-2E61E6CF3F9A}"
EndProject
Project("{FAE04EC0-301F-11D3-BF4B-00C04F79EFBC}") = "Legion.Core.Test", "Legion.Core.Test\Legion.Core.Test.csproj", "{9C178164-E935-404A-AAB0-B816B5B580AF}"
EndProject
Global
	GlobalSection(SolutionConfigurationPlatforms) = preSolution
		Debug|Any CPU = Debug|Any CPU
		Debug|x64 = Debug|x64
		Debug|x86 = Debug|x86
		Release|Any CPU = Release|Any CPU
		Release|x64 = Release|x64
		Release|x86 = Release|x86
	EndGlobalSection
	GlobalSection(ProjectConfigurationPlatforms) = postSolution
		{DB2F0156-74F7-45F4-973D-52CB79D82C03}.Debug|Any CPU.ActiveCfg = Debug|Any CPU
		{DB2F0156-74F7-45F4-973D-52CB79D82C03}.Debug|Any CPU.Build.0 = Debug|Any CPU
		{DB2F0156-74F7-45F4-973D-52CB79D82C03}.Debug|x64.ActiveCfg = Debug|Any CPU
		{DB2F0156-74F7-45F4-973D-52CB79D82C03}.Debug|x64.Build.0 = Debug|Any CPU
		{DB2F0156-74F7-45F4-973D-52CB79D82C03}.Debug|x86.ActiveCfg = Debug|Any CPU
		{DB2F0156-74F7-45F4-973D-52CB79D82C03}.Debug|x86.Build.0 = Debug|Any CPU
		{DB2F0156-74F7-45F4-973D-52CB79D82C03}.Release|Any CPU.ActiveCfg = Release|Any CPU
		{DB2F0156-74F7-45F4-973D-52CB79D82C03}.Release|Any CPU.Build.0 = Release|Any CPU
		{DB2F0156-74F7-45F4-973D-52CB79D82C03}.Release|x64.ActiveCfg = Release|Any CPU
		{DB2F0156-74F7-45F4-973D-52CB79D82C03}.Release|x64.Build.0 = Release|Any CPU
		{DB2F0156-74F7-45F4-973D-52CB79D82C03}.Release|x86.ActiveCfg = Release|Any CPU
		{DB2F0156-74F7-45F4-973D-52CB79D82C03}.Release|x86.Build.0 = Release|Any CPU
		{6052D590-3EE9-4399-B82F-B5D9C18C0696}.Debug|Any CPU.ActiveCfg = Debug|Any CPU
		{6052D590-3EE9-4399-B82F-B5D9C18C0696}.Debug|Any CPU.Build.0 = Debug|Any CPU
		{6052D590-3EE9-4399-B82F-B5D9C18C0696}.Debug|x64.ActiveCfg = Debug|Any CPU
		{6052D590-3EE9-4399-B82F-B5D9C18C0696}.Debug|x64.Build.0 = Debug|Any CPU
		{6052D590-3EE9-4399-B82F-B5D9C18C0696}.Debug|x86.ActiveCfg = Debug|Any CPU
		{6052D590-3EE9-4399-B82F-B5D9C18C0696}.Debug|x86.Build.0 = Debug|Any CPU
		{6052D590-3EE9-4399-B82F-B5D9C18C0696}.Release|Any CPU.ActiveCfg = Release|Any CPU
		{6052D590-3EE9-4399-B82F-B5D9C18C0696}.Release|Any CPU.Build.0 = Release|Any CPU
		{6052D590-3EE9-4399-B82F-B5D9C18C0696}.Release|x64.ActiveCfg = Release|Any CPU
		{6052D590-3EE9-4399-B82F-B5D9C18C0696}.Release|x64.Build.0 = Release|Any CPU
		{6052D590-3EE9-4399-B82F-B5D9C18C0696}.Release|x86.ActiveCfg = Release|Any CPU
		{6052D590-3EE9-4399-B82F-B5D9C18C0696}.Release|x86.Build.0 = Release|Any CPU
		{AE8FBDAE-EA8C-42A5-8DF6-2E61E6CF3F9A}.Debug|Any CPU.ActiveCfg = Debug|Any CPU
		{AE8FBDAE-EA8C-42A5-8DF6-2E61E6CF3F9A}.Debug|Any CPU.Build.0 = Debug|Any CPU
		{AE8FBDAE-EA8C-42A5-8DF6-2E61E6CF3F9A}.Debug|x64.ActiveCfg = Debug|Any CPU
		{AE8FBDAE-EA8C-42A5-8DF6-2E61E6CF3F9A}.Debug|x64.Build.0 = Debug|Any CPU
		{AE8FBDAE-EA8C-42A5-8DF6-2E61E6CF3F9A}.Debug|x86.ActiveCfg = Debug|Any CPU
		{AE8FBDAE-EA8C-42A5-8DF6-2E61E6CF3F9A}.Debug|x86.Build.0 = Debug|Any CPU
		{AE8FBDAE-EA8C-42A5-8DF6-2E61E6CF3F9A}.Release|Any CPU.ActiveCfg = Release|Any CPU
		{AE8FBDAE-EA8C-42A5-8DF6-2E61E6CF3F9A}.Release|Any CPU.Build.0 = Release|Any CPU
		{AE8FBDAE-EA8C-42A5-8DF6-2E61E6CF3F9A}.Release|x64.ActiveCfg = Release|Any CPU
		{AE8FBDAE-EA8C-42A5-8DF6-2E61E6CF3F9A}.Release|x64.Build.0 = Release|Any CPU
		{AE8FBDAE-EA8C-42A5-8DF6-2E61E6CF3F9A}.Release|x86.ActiveCfg = Release|Any CPU
		{AE8FBDAE-EA8C-42A5-8DF6-2E61E6CF3F9A}.Release|x86.Build.0 = Release|Any CPU
		{9C178164-E935-404A-AAB0-B816B5B580AF}.Debug|Any CPU.ActiveCfg = Debug|Any CPU
		{9C178164-E935-404A-AAB0-B816B5B580AF}.Debug|Any CPU.Build.0 = Debug|Any CPU
		{9C178164-E935-404A-AAB0-B816B5B580AF}.Debug|x64.ActiveCfg = Debug|Any CPU
		{9C178164-E935-404A-AAB0-B816B5B580AF}.Debug|x64.Build.0 = Debug|Any CPU
		{9C178164-E935-404A-AAB0-B816B5B580AF}.Debug|x86.ActiveCfg = Debug|Any CPU
		{9C178164-E935-404A-AAB0-B816B5B580AF}.Debug|x86.Build.0 = Debug|Any CPU
		{9C178164-E935-404A-AAB0-B816B5B580AF}.Release|Any CPU.ActiveCfg = Release|Any CPU
		{9C178164-E935-404A-AAB0-B816B5B580AF}.Release|Any CPU.Build.0 = Release|Any CPU
		{9C178164-E935-404A-AAB0-B816B5B580AF}.Release|x64.ActiveCfg = Release|Any CPU
		{9C178164-E935-404A-AAB0-B816B5B580AF}.Release|x64.Build.0 = Release|Any CPU
		{9C178164-E935-404A-AAB0-B816B5B580AF}.Release|x86.ActiveCfg = Release|Any CPU
		{9C178164-E935-404A-AAB0-B816B5B580AF}.Release|x86.Build.0 = Release|Any CPU
	EndGlobalSection
	GlobalSection(SolutionProperties) = preSolution
		HideSolutionNode = FALSE
	EndGlobalSection
	GlobalSection(ExtensibilityGlobals) = postSolution
		SolutionGuid = {D22D845B-8C8E-44E1-BF4B-0F9C08F0E5AD}
	EndGlobalSection
EndGlobal
